
Microsoft Visual Studio Solution File, Format Version 12.00
# Visual Studio Version 17
VisualStudioVersion = 17.8.34330.188
MinimumVisualStudioVersion = 10.0.40219.1
Project("{9A19103F-16F7-4668-BE54-9A1E7A4F7556}") = "Project_partB_Sorokin_program", "Project_partB_Sorokin_program\Project_partB_Sorokin_program.csproj", "{9A86A38A-88D7-4480-BD50-6A4387C74D29}"
EndProject
Project("{FAE04EC0-301F-11D3-BF4B-00C04F79EFBC}") = "TestProjectJewelryTest", "TestProjectJewelryTest\TestProjectJewelryTest.csproj", "{0B93D56A-74F6-4F85-945A-AFBC03AAFBC7}"
EndProject
Global
	GlobalSection(SolutionConfigurationPlatforms) = preSolution
		Debug|Any CPU = Debug|Any CPU
		Release|Any CPU = Release|Any CPU
	EndGlobalSection
	GlobalSection(ProjectConfigurationPlatforms) = postSolution
		{9A86A38A-88D7-4480-BD50-6A4387C74D29}.Debug|Any CPU.ActiveCfg = Debug|Any CPU
		{9A86A38A-88D7-4480-BD50-6A4387C74D29}.Debug|Any CPU.Build.0 = Debug|Any CPU
		{9A86A38A-88D7-4480-BD50-6A4387C74D29}.Release|Any CPU.ActiveCfg = Release|Any CPU
		{9A86A38A-88D7-4480-BD50-6A4387C74D29}.Release|Any CPU.Build.0 = Release|Any CPU
		{0B93D56A-74F6-4F85-945A-AFBC03AAFBC7}.Debug|Any CPU.ActiveCfg = Debug|Any CPU
		{0B93D56A-74F6-4F85-945A-AFBC03AAFBC7}.Debug|Any CPU.Build.0 = Debug|Any CPU
		{0B93D56A-74F6-4F85-945A-AFBC03AAFBC7}.Release|Any CPU.ActiveCfg = Release|Any CPU
		{0B93D56A-74F6-4F85-945A-AFBC03AAFBC7}.Release|Any CPU.Build.0 = Release|Any CPU
	EndGlobalSection
	GlobalSection(SolutionProperties) = preSolution
		HideSolutionNode = FALSE
	EndGlobalSection
	GlobalSection(ExtensibilityGlobals) = postSolution
		SolutionGuid = {1C84069B-E0D4-49C4-A936-BD995917C58F}
	EndGlobalSection
EndGlobal
